// !$*UTF8*$!
{
	archiveVersion = 1;
	classes = {
	};
	objectVersion = 46;
	objects = {

/* Begin PBXBuildFile section */
		84DA14E5163CDDA500347BF9 /* UIKit.framework in Frameworks */ = {isa = PBXBuildFile; fileRef = 84DA14E4163CDDA500347BF9 /* UIKit.framework */; };
		84DA14E7163CDDA500347BF9 /* Foundation.framework in Frameworks */ = {isa = PBXBuildFile; fileRef = 84DA14E6163CDDA500347BF9 /* Foundation.framework */; };
		84DA14E9163CDDA500347BF9 /* CoreGraphics.framework in Frameworks */ = {isa = PBXBuildFile; fileRef = 84DA14E8163CDDA500347BF9 /* CoreGraphics.framework */; };
		84DA14EF163CDDA500347BF9 /* InfoPlist.strings in Resources */ = {isa = PBXBuildFile; fileRef = 84DA14ED163CDDA500347BF9 /* InfoPlist.strings */; };
		84DA14F1163CDDA500347BF9 /* main.m in Sources */ = {isa = PBXBuildFile; fileRef = 84DA14F0163CDDA500347BF9 /* main.m */; };
		84DA14F5163CDDA500347BF9 /* AppDelegate.m in Sources */ = {isa = PBXBuildFile; fileRef = 84DA14F4163CDDA500347BF9 /* AppDelegate.m */; };
		84DA14F8163CDDA500347BF9 /* MainStoryboard.storyboard in Resources */ = {isa = PBXBuildFile; fileRef = 84DA14F6163CDDA500347BF9 /* MainStoryboard.storyboard */; };
		84DA14FB163CDDA500347BF9 /* ViewController.m in Sources */ = {isa = PBXBuildFile; fileRef = 84DA14FA163CDDA500347BF9 /* ViewController.m */; };
/* End PBXBuildFile section */

/* Begin PBXFileReference section */
		84DA14E0163CDDA500347BF9 /* FileTransfer.app */ = {isa = PBXFileReference; explicitFileType = wrapper.application; includeInIndex = 0; path = FileTransfer.app; sourceTree = BUILT_PRODUCTS_DIR; };
		84DA14E4163CDDA500347BF9 /* UIKit.framework */ = {isa = PBXFileReference; lastKnownFileType = wrapper.framework; name = UIKit.framework; path = System/Library/Frameworks/UIKit.framework; sourceTree = SDKROOT; };
		84DA14E6163CDDA500347BF9 /* Foundation.framework */ = {isa = PBXFileReference; lastKnownFileType = wrapper.framework; name = Foundation.framework; path = System/Library/Frameworks/Foundation.framework; sourceTree = SDKROOT; };
		84DA14E8163CDDA500347BF9 /* CoreGraphics.framework */ = {isa = PBXFileReference; lastKnownFileType = wrapper.framework; name = CoreGraphics.framework; path = System/Library/Frameworks/CoreGraphics.framework; sourceTree = SDKROOT; };
		84DA14EC163CDDA500347BF9 /* FileTransfer-Info.plist */ = {isa = PBXFileReference; path = "FileTransfer-Info.plist"; sourceTree = "<group>"; };
		84DA14EE163CDDA500347BF9 /* en */ = {isa = PBXFileReference; lastKnownFileType = text.plist.strings; name = en; path = en.lproj/InfoPlist.strings; sourceTree = "<group>"; };
		84DA14F0163CDDA500347BF9 /* main.m */ = {isa = PBXFileReference; lastKnownFileType = sourcecode.c.objc; path = main.m; sourceTree = "<group>"; };
		84DA14F2163CDDA500347BF9 /* FileTransfer-Prefix.pch */ = {isa = PBXFileReference; path = "FileTransfer-Prefix.pch"; sourceTree = "<group>"; };
		84DA14F3163CDDA500347BF9 /* AppDelegate.h */ = {isa = PBXFileReference; path = AppDelegate.h; sourceTree = "<group>"; };
		84DA14F4163CDDA500347BF9 /* AppDelegate.m */ = {isa = PBXFileReference; lastKnownFileType = sourcecode.c.objc; path = AppDelegate.m; sourceTree = "<group>"; };
		84DA14F7163CDDA500347BF9 /* en */ = {isa = PBXFileReference; lastKnownFileType = file.storyboard; name = en; path = en.lproj/MainStoryboard.storyboard; sourceTree = "<group>"; };
		84DA14F9163CDDA500347BF9 /* ViewController.h */ = {isa = PBXFileReference; path = ViewController.h; sourceTree = "<group>"; };
		84DA14FA163CDDA500347BF9 /* ViewController.m */ = {isa = PBXFileReference; lastKnownFileType = sourcecode.c.objc; path = ViewController.m; sourceTree = "<group>"; };
/* End PBXFileReference section */

/* Begin PBXFrameworksBuildPhase section */
		84DA14DD163CDDA500347BF9 /* Frameworks */ = {
			isa = PBXFrameworksBuildPhase;
			buildActionMask = 2147483647;
			files = (
				84DA14E5163CDDA500347BF9 /* UIKit.framework in Frameworks */,
				84DA14E7163CDDA500347BF9 /* Foundation.framework in Frameworks */,
				84DA14E9163CDDA500347BF9 /* CoreGraphics.framework in Frameworks */,
			);
			runOnlyForDeploymentPostprocessing = 0;
		};
/* End PBXFrameworksBuildPhase section */

/* Begin PBXGroup section */
		84DA14D5163CDDA500347BF9 = {
			isa = PBXGroup;
			children = (
				84DA14EA163CDDA500347BF9 /* FileTransfer */,
				84DA14E3163CDDA500347BF9 /* Frameworks */,
				84DA14E1163CDDA500347BF9 /* Products */,
			);
			sourceTree = "<group>";
		};
		84DA14E1163CDDA500347BF9 /* Products */ = {
			isa = PBXGroup;
			children = (
				84DA14E0163CDDA500347BF9 /* FileTransfer.app */,
			);
			name = Products;
			sourceTree = "<group>";
		};
		84DA14E3163CDDA500347BF9 /* Frameworks */ = {
			isa = PBXGroup;
			children = (
				84DA14E4163CDDA500347BF9 /* UIKit.framework */,
				84DA14E6163CDDA500347BF9 /* Foundation.framework */,
				84DA14E8163CDDA500347BF9 /* CoreGraphics.framework */,
			);
			name = Frameworks;
			sourceTree = "<group>";
		};
		84DA14EA163CDDA500347BF9 /* FileTransfer */ = {
			isa = PBXGroup;
			children = (
				84DA14F3163CDDA500347BF9 /* AppDelegate.h */,
				84DA14F4163CDDA500347BF9 /* AppDelegate.m */,
				84DA14F6163CDDA500347BF9 /* MainStoryboard.storyboard */,
				84DA14F9163CDDA500347BF9 /* ViewController.h */,
				84DA14FA163CDDA500347BF9 /* ViewController.m */,
				84DA14EB163CDDA500347BF9 /* Supporting Files */,
			);
			path = FileTransfer;
			sourceTree = "<group>";
		};
		84DA14EB163CDDA500347BF9 /* Supporting Files */ = {
			isa = PBXGroup;
			children = (
				84DA14EC163CDDA500347BF9 /* FileTransfer-Info.plist */,
				84DA14ED163CDDA500347BF9 /* InfoPlist.strings */,
				84DA14F0163CDDA500347BF9 /* main.m */,
				84DA14F2163CDDA500347BF9 /* FileTransfer-Prefix.pch */,
			);
			name = "Supporting Files";
			sourceTree = "<group>";
		};
/* End PBXGroup section */

/* Begin PBXNativeTarget section */
		84DA14DF163CDDA500347BF9 /* FileTransfer */ = {
			isa = PBXNativeTarget;
			buildConfigurationList = 84DA14FE163CDDA500347BF9 /* Build configuration list for PBXNativeTarget "FileTransfer" */;
			buildPhases = (
				84DA14DC163CDDA500347BF9 /* Sources */,
				84DA14DD163CDDA500347BF9 /* Frameworks */,
				84DA14DE163CDDA500347BF9 /* Resources */,
			);
			buildRules = (
			);
			dependencies = (
			);
			name = FileTransfer;
			productName = FileTransfer;
			productReference = 84DA14E0163CDDA500347BF9 /* FileTransfer.app */;
			productType = "com.apple.product-type.application";
		};
/* End PBXNativeTarget section */

/* Begin PBXProject section */
		84DA14D7163CDDA500347BF9 /* Project object */ = {
			isa = PBXProject;
			attributes = {
				LastUpgradeCheck = 0430;
			};
			buildConfigurationList = 84DA14DA163CDDA500347BF9 /* Build configuration list for PBXProject "FileTransfer" */;
			compatibilityVersion = "Xcode 3.2";
			developmentRegion = English;
			hasScannedForEncodings = 0;
			knownRegions = (
				en,
			);
			mainGroup = 84DA14D5163CDDA500347BF9;
			productRefGroup = 84DA14E1163CDDA500347BF9 /* Products */;
			projectDirPath = "";
			projectRoot = "";
			targets = (
				84DA14DF163CDDA500347BF9 /* FileTransfer */,
			);
		};
/* End PBXProject section */

/* Begin PBXResourcesBuildPhase section */
		84DA14DE163CDDA500347BF9 /* Resources */ = {
			isa = PBXResourcesBuildPhase;
			buildActionMask = 2147483647;
			files = (
				84DA14EF163CDDA500347BF9 /* InfoPlist.strings in Resources */,
				84DA14F8163CDDA500347BF9 /* MainStoryboard.storyboard in Resources */,
			);
			runOnlyForDeploymentPostprocessing = 0;
		};
/* End PBXResourcesBuildPhase section */

/* Begin PBXSourcesBuildPhase section */
		84DA14DC163CDDA500347BF9 /* Sources */ = {
			isa = PBXSourcesBuildPhase;
			buildActionMask = 2147483647;
			files = (
				84DA14F1163CDDA500347BF9 /* main.m in Sources */,
				84DA14F5163CDDA500347BF9 /* AppDelegate.m in Sources */,
				84DA14FB163CDDA500347BF9 /* ViewController.m in Sources */,
			);
			runOnlyForDeploymentPostprocessing = 0;
		};
/* End PBXSourcesBuildPhase section */

/* Begin PBXVariantGroup section */
		84DA14ED163CDDA500347BF9 /* InfoPlist.strings */ = {
			isa = PBXVariantGroup;
			children = (
				84DA14EE163CDDA500347BF9 /* en */,
			);
			name = InfoPlist.strings;
			sourceTree = "<group>";
		};
		84DA14F6163CDDA500347BF9 /* MainStoryboard.storyboard */ = {
			isa = PBXVariantGroup;
			children = (
				84DA14F7163CDDA500347BF9 /* en */,
			);
			name = MainStoryboard.storyboard;
			sourceTree = "<group>";
		};
/* End PBXVariantGroup section */

/* Begin XCBuildConfiguration section */
		84DA14FC163CDDA500347BF9 /* Debug */ = {
			isa = XCBuildConfiguration;
			buildSettings = {
				ALWAYS_SEARCH_USER_PATHS = NO;
				ARCHS = "$(ARCHS_STANDARD_32_BIT)";
				CLANG_ENABLE_OBJC_ARC = YES;
				"CODE_SIGN_IDENTITY[sdk=iphoneos*]" = "iPhone Developer";
				COPY_PHASE_STRIP = NO;
				GCC_C_LANGUAGE_STANDARD = gnu99;
				GCC_DYNAMIC_NO_PIC = NO;
				GCC_OPTIMIZATION_LEVEL = 0;
				GCC_PREPROCESSOR_DEFINITIONS = (
					"DEBUG=1",
					"$(inherited)",
				);
				GCC_SYMBOLS_PRIVATE_EXTERN = NO;
				GCC_VERSION = com.apple.compilers.llvm.clang.1_0;
				GCC_WARN_ABOUT_RETURN_TYPE = YES;
				GCC_WARN_UNINITIALIZED_AUTOS = YES;
				GCC_WARN_UNUSED_VARIABLE = YES;
				IPHONEOS_DEPLOYMENT_TARGET = 5.1;
				SDKROOT = iphoneos;
			};
			name = Debug;
		};
		84DA14FD163CDDA500347BF9 /* Release */ = {
			isa = XCBuildConfiguration;
			buildSettings = {
				ALWAYS_SEARCH_USER_PATHS = NO;
				ARCHS = "$(ARCHS_STANDARD_32_BIT)";
				CLANG_ENABLE_OBJC_ARC = YES;
				"CODE_SIGN_IDENTITY[sdk=iphoneos*]" = "iPhone Developer";
				COPY_PHASE_STRIP = YES;
				GCC_C_LANGUAGE_STANDARD = gnu99;
				GCC_VERSION = com.apple.compilers.llvm.clang.1_0;
				GCC_WARN_ABOUT_RETURN_TYPE = YES;
				GCC_WARN_UNINITIALIZED_AUTOS = YES;
				GCC_WARN_UNUSED_VARIABLE = YES;
				IPHONEOS_DEPLOYMENT_TARGET = 5.1;
				OTHER_CFLAGS = "-DNS_BLOCK_ASSERTIONS=1";
				SDKROOT = iphoneos;
				VALIDATE_PRODUCT = YES;
			};
			name = Release;
		};
		84DA14FF163CDDA500347BF9 /* Debug */ = {
			isa = XCBuildConfiguration;
			buildSettings = {
				GCC_PRECOMPILE_PREFIX_HEADER = YES;
				GCC_PREFIX_HEADER = "FileTransfer/FileTransfer-Prefix.pch";
				INFOPLIST_FILE = "FileTransfer/FileTransfer-Info.plist";
				PRODUCT_NAME = "$(TARGET_NAME)";
				WRAPPER_EXTENSION = app;
			};
			name = Debug;
		};
		84DA1500163CDDA500347BF9 /* Release */ = {
			isa = XCBuildConfiguration;
			buildSettings = {
				GCC_PRECOMPILE_PREFIX_HEADER = YES;
				GCC_PREFIX_HEADER = "FileTransfer/FileTransfer-Prefix.pch";
				INFOPLIST_FILE = "FileTransfer/FileTransfer-Info.plist";
				PRODUCT_NAME = "$(TARGET_NAME)";
				WRAPPER_EXTENSION = app;
			};
			name = Release;
		};
/* End XCBuildConfiguration section */

/* Begin XCConfigurationList section */
		84DA14DA163CDDA500347BF9 /* Build configuration list for PBXProject "FileTransfer" */ = {
			isa = XCConfigurationList;
			buildConfigurations = (
				84DA14FC163CDDA500347BF9 /* Debug */,
				84DA14FD163CDDA500347BF9 /* Release */,
			);
			defaultConfigurationIsVisible = 0;
			defaultConfigurationName = Release;
		};
		84DA14FE163CDDA500347BF9 /* Build configuration list for PBXNativeTarget "FileTransfer" */ = {
			isa = XCConfigurationList;
			buildConfigurations = (
				84DA14FF163CDDA500347BF9 /* Debug */,
				84DA1500163CDDA500347BF9 /* Release */,
			);
			defaultConfigurationIsVisible = 0;
		};
/* End XCConfigurationList section */
	};
	rootObject = 84DA14D7163CDDA500347BF9 /* Project object */;
}
